// !$*UTF8*$!
{
	archiveVersion = 1;
	classes = {
	};
	objectVersion = 46;
	objects = {

/* Begin PBXBuildFile section */
		C74E90BC1C19962800EA139B /* PlayingCardView.m in Sources */ = {isa = PBXBuildFile; fileRef = C74E90BB1C19962800EA139B /* PlayingCardView.m */; };
		C7590ADC1C1572E300B9E837 /* main.m in Sources */ = {isa = PBXBuildFile; fileRef = C7590ADB1C1572E300B9E837 /* main.m */; };
		C7590ADF1C1572E300B9E837 /* AppDelegate.m in Sources */ = {isa = PBXBuildFile; fileRef = C7590ADE1C1572E300B9E837 /* AppDelegate.m */; };
		C7590AE21C1572E300B9E837 /* Match2GameView.m in Sources */ = {isa = PBXBuildFile; fileRef = C7590AE11C1572E300B9E837 /* Match2GameView.m */; };
		C7590AE51C1572E300B9E837 /* Main.storyboard in Resources */ = {isa = PBXBuildFile; fileRef = C7590AE31C1572E300B9E837 /* Main.storyboard */; };
		C7590AE71C1572E300B9E837 /* Assets.xcassets in Resources */ = {isa = PBXBuildFile; fileRef = C7590AE61C1572E300B9E837 /* Assets.xcassets */; };
		C7590AEA1C1572E300B9E837 /* LaunchScreen.storyboard in Resources */ = {isa = PBXBuildFile; fileRef = C7590AE81C1572E300B9E837 /* LaunchScreen.storyboard */; };
		C7590AF51C1572E300B9E837 /* CardGameTests.m in Sources */ = {isa = PBXBuildFile; fileRef = C7590AF41C1572E300B9E837 /* CardGameTests.m */; };
		C7590B001C1572E300B9E837 /* CardGameUITests.m in Sources */ = {isa = PBXBuildFile; fileRef = C7590AFF1C1572E300B9E837 /* CardGameUITests.m */; };
		C762895B1C182A7C005C0D3F /* SetCard.m in Sources */ = {isa = PBXBuildFile; fileRef = C762895A1C182A7C005C0D3F /* SetCard.m */; };
		C762895E1C182A9A005C0D3F /* SetCardDeck.m in Sources */ = {isa = PBXBuildFile; fileRef = C762895D1C182A9A005C0D3F /* SetCardDeck.m */; };
		C78C93EF1C1ED4D200E62A61 /* PlayingCardFaceView.m in Sources */ = {isa = PBXBuildFile; fileRef = C78C93EE1C1ED4D200E62A61 /* PlayingCardFaceView.m */; };
		C78C93F21C1ED4E500E62A61 /* PlayingCardBackView.m in Sources */ = {isa = PBXBuildFile; fileRef = C78C93F11C1ED4E500E62A61 /* PlayingCardBackView.m */; };
		C78C93F61C20001D00E62A61 /* SetParameters.m in Sources */ = {isa = PBXBuildFile; fileRef = C78C93F51C20001D00E62A61 /* SetParameters.m */; };
		C78C93F91C20004400E62A61 /* Match2Parameters.m in Sources */ = {isa = PBXBuildFile; fileRef = C78C93F81C20004400E62A61 /* Match2Parameters.m */; };
		C78C93FD1C20040900E62A61 /* SetCardViewFactory.m in Sources */ = {isa = PBXBuildFile; fileRef = C78C93FC1C20040900E62A61 /* SetCardViewFactory.m */; };
		C78C94011C2004A000E62A61 /* PlayingCardViewFactory.m in Sources */ = {isa = PBXBuildFile; fileRef = C78C94001C2004A000E62A61 /* PlayingCardViewFactory.m */; };
		C78C94051C202EE700E62A61 /* CardsContainerView.m in Sources */ = {isa = PBXBuildFile; fileRef = C78C94041C202EE700E62A61 /* CardsContainerView.m */; };
		C7AFE0B61C1D890700CF49FC /* SetCardView.m in Sources */ = {isa = PBXBuildFile; fileRef = C7AFE0B51C1D890700CF49FC /* SetCardView.m */; };
		C7AFE0BE1C1DB88500CF49FC /* OvalCreator.m in Sources */ = {isa = PBXBuildFile; fileRef = C7AFE0BD1C1DB88500CF49FC /* OvalCreator.m */; };
		C7AFE0C21C1DBA1000CF49FC /* EmptyFiller.m in Sources */ = {isa = PBXBuildFile; fileRef = C7AFE0C11C1DBA1000CF49FC /* EmptyFiller.m */; };
		C7AFE0C51C1DBA2100CF49FC /* FullFiller.m in Sources */ = {isa = PBXBuildFile; fileRef = C7AFE0C41C1DBA2100CF49FC /* FullFiller.m */; };
		C7AFE0C81C1DBA3000CF49FC /* StripesFiller.m in Sources */ = {isa = PBXBuildFile; fileRef = C7AFE0C71C1DBA3000CF49FC /* StripesFiller.m */; };
		C7AFE0CD1C1E977800CF49FC /* DiamondCreator.m in Sources */ = {isa = PBXBuildFile; fileRef = C7AFE0CC1C1E977800CF49FC /* DiamondCreator.m */; };
		C7AFE0D01C1E97EA00CF49FC /* SquiggleCreator.m in Sources */ = {isa = PBXBuildFile; fileRef = C7AFE0CF1C1E97EA00CF49FC /* SquiggleCreator.m */; };
		C7AFE0D31C1EC51200CF49FC /* Grid.m in Sources */ = {isa = PBXBuildFile; fileRef = C7AFE0D21C1EC51200CF49FC /* Grid.m */; };
		C7CA283C1C15895C00665CB7 /* Card.m in Sources */ = {isa = PBXBuildFile; fileRef = C7CA283B1C15895C00665CB7 /* Card.m */; };
		C7CA283F1C158D9D00665CB7 /* PlayingCard.m in Sources */ = {isa = PBXBuildFile; fileRef = C7CA283E1C158D9D00665CB7 /* PlayingCard.m */; };
		C7CA28421C158DB600665CB7 /* Deck.m in Sources */ = {isa = PBXBuildFile; fileRef = C7CA28411C158DB600665CB7 /* Deck.m */; };
		C7CA28451C158DCC00665CB7 /* PlayingCardDeck.m in Sources */ = {isa = PBXBuildFile; fileRef = C7CA28441C158DCC00665CB7 /* PlayingCardDeck.m */; };
		C7CA28481C15B33B00665CB7 /* CardMatchingGame.m in Sources */ = {isa = PBXBuildFile; fileRef = C7CA28471C15B33B00665CB7 /* CardMatchingGame.m */; };
		C7CA284B1C1700C300665CB7 /* SetGameView.m in Sources */ = {isa = PBXBuildFile; fileRef = C7CA284A1C1700C300665CB7 /* SetGameView.m */; };
		C7CA28511C1802DF00665CB7 /* GameViewController.m in Sources */ = {isa = PBXBuildFile; fileRef = C7CA28501C1802DF00665CB7 /* GameViewController.m */; };
/* End PBXBuildFile section */

/* Begin PBXContainerItemProxy section */
		C7590AF11C1572E300B9E837 /* PBXContainerItemProxy */ = {
			isa = PBXContainerItemProxy;
			containerPortal = C7590ACF1C1572E300B9E837 /* Project object */;
			proxyType = 1;
			remoteGlobalIDString = C7590AD61C1572E300B9E837;
			remoteInfo = CardGame;
		};
		C7590AFC1C1572E300B9E837 /* PBXContainerItemProxy */ = {
			isa = PBXContainerItemProxy;
			containerPortal = C7590ACF1C1572E300B9E837 /* Project object */;
			proxyType = 1;
			remoteGlobalIDString = C7590AD61C1572E300B9E837;
			remoteInfo = CardGame;
		};
/* End PBXContainerItemProxy section */

/* Begin PBXFileReference section */
		C74E90BA1C19962800EA139B /* PlayingCardView.h */ = {isa = PBXFileReference; fileEncoding = 4; lastKnownFileType = sourcecode.c.h; name = PlayingCardView.h; path = "Card views/PlayingCardView.h"; sourceTree = "<group>"; };
		C74E90BB1C19962800EA139B /* PlayingCardView.m */ = {isa = PBXFileReference; fileEncoding = 4; lastKnownFileType = sourcecode.c.objc; name = PlayingCardView.m; path = "Card views/PlayingCardView.m"; sourceTree = "<group>"; };
		C7590AD71C1572E300B9E837 /* CardGame.app */ = {isa = PBXFileReference; explicitFileType = wrapper.application; includeInIndex = 0; path = CardGame.app; sourceTree = BUILT_PRODUCTS_DIR; };
		C7590ADB1C1572E300B9E837 /* main.m */ = {isa = PBXFileReference; lastKnownFileType = sourcecode.c.objc; path = main.m; sourceTree = "<group>"; };
		C7590ADD1C1572E300B9E837 /* AppDelegate.h */ = {isa = PBXFileReference; lastKnownFileType = sourcecode.c.h; path = AppDelegate.h; sourceTree = "<group>"; };
		C7590ADE1C1572E300B9E837 /* AppDelegate.m */ = {isa = PBXFileReference; lastKnownFileType = sourcecode.c.objc; path = AppDelegate.m; sourceTree = "<group>"; };
		C7590AE01C1572E300B9E837 /* Match2GameView.h */ = {isa = PBXFileReference; lastKnownFileType = sourcecode.c.h; path = Match2GameView.h; sourceTree = "<group>"; };
		C7590AE11C1572E300B9E837 /* Match2GameView.m */ = {isa = PBXFileReference; lastKnownFileType = sourcecode.c.objc; path = Match2GameView.m; sourceTree = "<group>"; };
		C7590AE41C1572E300B9E837 /* Base */ = {isa = PBXFileReference; lastKnownFileType = file.storyboard; name = Base; path = Base.lproj/Main.storyboard; sourceTree = "<group>"; };
		C7590AE61C1572E300B9E837 /* Assets.xcassets */ = {isa = PBXFileReference; lastKnownFileType = folder.assetcatalog; name = Assets.xcassets; path = CardGame/Assets.xcassets; sourceTree = "<group>"; };
		C7590AE91C1572E300B9E837 /* Base */ = {isa = PBXFileReference; lastKnownFileType = file.storyboard; name = Base; path = Base.lproj/LaunchScreen.storyboard; sourceTree = "<group>"; };
		C7590AEB1C1572E300B9E837 /* Info.plist */ = {isa = PBXFileReference; lastKnownFileType = text.plist.xml; name = Info.plist; path = CardGame/Info.plist; sourceTree = "<group>"; };
		C7590AF01C1572E300B9E837 /* CardGameTests.xctest */ = {isa = PBXFileReference; explicitFileType = wrapper.cfbundle; includeInIndex = 0; path = CardGameTests.xctest; sourceTree = BUILT_PRODUCTS_DIR; };
		C7590AF41C1572E300B9E837 /* CardGameTests.m */ = {isa = PBXFileReference; lastKnownFileType = sourcecode.c.objc; path = CardGameTests.m; sourceTree = "<group>"; };
		C7590AF61C1572E300B9E837 /* Info.plist */ = {isa = PBXFileReference; lastKnownFileType = text.plist.xml; path = Info.plist; sourceTree = "<group>"; };
		C7590AFB1C1572E300B9E837 /* CardGameUITests.xctest */ = {isa = PBXFileReference; explicitFileType = wrapper.cfbundle; includeInIndex = 0; path = CardGameUITests.xctest; sourceTree = BUILT_PRODUCTS_DIR; };
		C7590AFF1C1572E300B9E837 /* CardGameUITests.m */ = {isa = PBXFileReference; lastKnownFileType = sourcecode.c.objc; path = CardGameUITests.m; sourceTree = "<group>"; };
		C7590B011C1572E300B9E837 /* Info.plist */ = {isa = PBXFileReference; lastKnownFileType = text.plist.xml; path = Info.plist; sourceTree = "<group>"; };
		C76289591C182A7C005C0D3F /* SetCard.h */ = {isa = PBXFileReference; fileEncoding = 4; lastKnownFileType = sourcecode.c.h; name = SetCard.h; path = Model/SetCard.h; sourceTree = "<group>"; };
		C762895A1C182A7C005C0D3F /* SetCard.m */ = {isa = PBXFileReference; fileEncoding = 4; lastKnownFileType = sourcecode.c.objc; name = SetCard.m; path = Model/SetCard.m; sourceTree = "<group>"; };
		C762895C1C182A9A005C0D3F /* SetCardDeck.h */ = {isa = PBXFileReference; fileEncoding = 4; lastKnownFileType = sourcecode.c.h; name = SetCardDeck.h; path = Model/SetCardDeck.h; sourceTree = "<group>"; };
		C762895D1C182A9A005C0D3F /* SetCardDeck.m */ = {isa = PBXFileReference; fileEncoding = 4; lastKnownFileType = sourcecode.c.objc; name = SetCardDeck.m; path = Model/SetCardDeck.m; sourceTree = "<group>"; };
		C78C93ED1C1ED4D200E62A61 /* PlayingCardFaceView.h */ = {isa = PBXFileReference; fileEncoding = 4; lastKnownFileType = sourcecode.c.h; name = PlayingCardFaceView.h; path = "Card views/PlayingCardFaceView.h"; sourceTree = "<group>"; };
		C78C93EE1C1ED4D200E62A61 /* PlayingCardFaceView.m */ = {isa = PBXFileReference; fileEncoding = 4; lastKnownFileType = sourcecode.c.objc; name = PlayingCardFaceView.m; path = "Card views/PlayingCardFaceView.m"; sourceTree = "<group>"; };
		C78C93F01C1ED4E500E62A61 /* PlayingCardBackView.h */ = {isa = PBXFileReference; fileEncoding = 4; lastKnownFileType = sourcecode.c.h; name = PlayingCardBackView.h; path = "Card views/PlayingCardBackView.h"; sourceTree = "<group>"; };
		C78C93F11C1ED4E500E62A61 /* PlayingCardBackView.m */ = {isa = PBXFileReference; fileEncoding = 4; lastKnownFileType = sourcecode.c.objc; name = PlayingCardBackView.m; path = "Card views/PlayingCardBackView.m"; sourceTree = "<group>"; };
		C78C93F31C1FFE8D00E62A61 /* GameParameters.h */ = {isa = PBXFileReference; lastKnownFileType = sourcecode.c.h; name = GameParameters.h; path = Model/GameParameters.h; sourceTree = "<group>"; };
		C78C93F41C20001D00E62A61 /* SetParameters.h */ = {isa = PBXFileReference; fileEncoding = 4; lastKnownFileType = sourcecode.c.h; name = SetParameters.h; path = Model/SetParameters.h; sourceTree = "<group>"; };
		C78C93F51C20001D00E62A61 /* SetParameters.m */ = {isa = PBXFileReference; fileEncoding = 4; lastKnownFileType = sourcecode.c.objc; name = SetParameters.m; path = Model/SetParameters.m; sourceTree = "<group>"; };
		C78C93F71C20004400E62A61 /* Match2Parameters.h */ = {isa = PBXFileReference; fileEncoding = 4; lastKnownFileType = sourcecode.c.h; name = Match2Parameters.h; path = Model/Match2Parameters.h; sourceTree = "<group>"; };
		C78C93F81C20004400E62A61 /* Match2Parameters.m */ = {isa = PBXFileReference; fileEncoding = 4; lastKnownFileType = sourcecode.c.objc; name = Match2Parameters.m; path = Model/Match2Parameters.m; sourceTree = "<group>"; };
		C78C93FA1C20039000E62A61 /* CardViewFactory.h */ = {isa = PBXFileReference; lastKnownFileType = sourcecode.c.h; name = CardViewFactory.h; path = "Card views/CardViewFactory.h"; sourceTree = "<group>"; };
		C78C93FB1C20040900E62A61 /* SetCardViewFactory.h */ = {isa = PBXFileReference; fileEncoding = 4; lastKnownFileType = sourcecode.c.h; name = SetCardViewFactory.h; path = "Card views/SetCardViewFactory.h"; sourceTree = "<group>"; };
		C78C93FC1C20040900E62A61 /* SetCardViewFactory.m */ = {isa = PBXFileReference; fileEncoding = 4; lastKnownFileType = sourcecode.c.objc; name = SetCardViewFactory.m; path = "Card views/SetCardViewFactory.m"; sourceTree = "<group>"; };
		C78C93FF1C2004A000E62A61 /* PlayingCardViewFactory.h */ = {isa = PBXFileReference; fileEncoding = 4; lastKnownFileType = sourcecode.c.h; name = PlayingCardViewFactory.h; path = "Card views/PlayingCardViewFactory.h"; sourceTree = "<group>"; };
		C78C94001C2004A000E62A61 /* PlayingCardViewFactory.m */ = {isa = PBXFileReference; fileEncoding = 4; lastKnownFileType = sourcecode.c.objc; name = PlayingCardViewFactory.m; path = "Card views/PlayingCardViewFactory.m"; sourceTree = "<group>"; };
		C78C94031C202EE700E62A61 /* CardsContainerView.h */ = {isa = PBXFileReference; fileEncoding = 4; lastKnownFileType = sourcecode.c.h; path = CardsContainerView.h; sourceTree = "<group>"; };
		C78C94041C202EE700E62A61 /* CardsContainerView.m */ = {isa = PBXFileReference; fileEncoding = 4; lastKnownFileType = sourcecode.c.objc; path = CardsContainerView.m; sourceTree = "<group>"; };
		C78C94061C203FBA00E62A61 /* ScoreUpdater.h */ = {isa = PBXFileReference; lastKnownFileType = sourcecode.c.h; path = ScoreUpdater.h; sourceTree = "<group>"; };
		C7AFE0B11C1D54F700CF49FC /* CardView.h */ = {isa = PBXFileReference; fileEncoding = 4; lastKnownFileType = sourcecode.c.h; path = CardView.h; sourceTree = "<group>"; };
		C7AFE0B41C1D890700CF49FC /* SetCardView.h */ = {isa = PBXFileReference; fileEncoding = 4; lastKnownFileType = sourcecode.c.h; name = SetCardView.h; path = "Card views/SetCardView.h"; sourceTree = "<group>"; };
		C7AFE0B51C1D890700CF49FC /* SetCardView.m */ = {isa = PBXFileReference; fileEncoding = 4; lastKnownFileType = sourcecode.c.objc; name = SetCardView.m; path = "Card views/SetCardView.m"; sourceTree = "<group>"; };
		C7AFE0B71C1D8F0700CF49FC /* SetEnums.h */ = {isa = PBXFileReference; lastKnownFileType = sourcecode.c.h; path = SetEnums.h; sourceTree = "<group>"; };
		C7AFE0BB1C1DB81500CF49FC /* ShapeCreator.h */ = {isa = PBXFileReference; lastKnownFileType = sourcecode.c.h; name = ShapeCreator.h; path = ../ShapeCreator.h; sourceTree = "<group>"; };
		C7AFE0BC1C1DB88500CF49FC /* OvalCreator.h */ = {isa = PBXFileReference; fileEncoding = 4; lastKnownFileType = sourcecode.c.h; path = OvalCreator.h; sourceTree = "<group>"; };
		C7AFE0BD1C1DB88500CF49FC /* OvalCreator.m */ = {isa = PBXFileReference; fileEncoding = 4; lastKnownFileType = sourcecode.c.objc; path = OvalCreator.m; sourceTree = "<group>"; };
		C7AFE0BF1C1DB93E00CF49FC /* ShapeFiller.h */ = {isa = PBXFileReference; lastKnownFileType = sourcecode.c.h; name = ShapeFiller.h; path = "Card views/ShapeFiller.h"; sourceTree = "<group>"; };
		C7AFE0C01C1DBA1000CF49FC /* EmptyFiller.h */ = {isa = PBXFileReference; fileEncoding = 4; lastKnownFileType = sourcecode.c.h; name = EmptyFiller.h; path = "Card views/EmptyFiller.h"; sourceTree = "<group>"; };
		C7AFE0C11C1DBA1000CF49FC /* EmptyFiller.m */ = {isa = PBXFileReference; fileEncoding = 4; lastKnownFileType = sourcecode.c.objc; name = EmptyFiller.m; path = "Card views/EmptyFiller.m"; sourceTree = "<group>"; };
		C7AFE0C31C1DBA2100CF49FC /* FullFiller.h */ = {isa = PBXFileReference; fileEncoding = 4; lastKnownFileType = sourcecode.c.h; name = FullFiller.h; path = "Card views/FullFiller.h"; sourceTree = "<group>"; };
		C7AFE0C41C1DBA2100CF49FC /* FullFiller.m */ = {isa = PBXFileReference; fileEncoding = 4; lastKnownFileType = sourcecode.c.objc; name = FullFiller.m; path = "Card views/FullFiller.m"; sourceTree = "<group>"; };
		C7AFE0C61C1DBA3000CF49FC /* StripesFiller.h */ = {isa = PBXFileReference; fileEncoding = 4; lastKnownFileType = sourcecode.c.h; name = StripesFiller.h; path = "Card views/StripesFiller.h"; sourceTree = "<group>"; };
		C7AFE0C71C1DBA3000CF49FC /* StripesFiller.m */ = {isa = PBXFileReference; fileEncoding = 4; lastKnownFileType = sourcecode.c.objc; name = StripesFiller.m; path = "Card views/StripesFiller.m"; sourceTree = "<group>"; };
		C7AFE0CB1C1E977800CF49FC /* DiamondCreator.h */ = {isa = PBXFileReference; fileEncoding = 4; lastKnownFileType = sourcecode.c.h; name = DiamondCreator.h; path = "Card views/DiamondCreator.h"; sourceTree = "<group>"; };
		C7AFE0CC1C1E977800CF49FC /* DiamondCreator.m */ = {isa = PBXFileReference; fileEncoding = 4; lastKnownFileType = sourcecode.c.objc; name = DiamondCreator.m; path = "Card views/DiamondCreator.m"; sourceTree = "<group>"; };
		C7AFE0CE1C1E97EA00CF49FC /* SquiggleCreator.h */ = {isa = PBXFileReference; fileEncoding = 4; lastKnownFileType = sourcecode.c.h; name = SquiggleCreator.h; path = "Card views/SquiggleCreator.h"; sourceTree = "<group>"; };
		C7AFE0CF1C1E97EA00CF49FC /* SquiggleCreator.m */ = {isa = PBXFileReference; fileEncoding = 4; lastKnownFileType = sourcecode.c.objc; name = SquiggleCreator.m; path = "Card views/SquiggleCreator.m"; sourceTree = "<group>"; };
		C7AFE0D11C1EC51200CF49FC /* Grid.h */ = {isa = PBXFileReference; fileEncoding = 4; lastKnownFileType = sourcecode.c.h; name = Grid.h; path = ../../../Downloads/Grid/Grid.h; sourceTree = "<group>"; };
		C7AFE0D21C1EC51200CF49FC /* Grid.m */ = {isa = PBXFileReference; fileEncoding = 4; lastKnownFileType = sourcecode.c.objc; name = Grid.m; path = ../../../Downloads/Grid/Grid.m; sourceTree = "<group>"; };
		C7CA283A1C15895C00665CB7 /* Card.h */ = {isa = PBXFileReference; fileEncoding = 4; lastKnownFileType = sourcecode.c.h; name = Card.h; path = Model/Card.h; sourceTree = "<group>"; };
		C7CA283B1C15895C00665CB7 /* Card.m */ = {isa = PBXFileReference; fileEncoding = 4; lastKnownFileType = sourcecode.c.objc; name = Card.m; path = Model/Card.m; sourceTree = "<group>"; };
		C7CA283D1C158D9D00665CB7 /* PlayingCard.h */ = {isa = PBXFileReference; fileEncoding = 4; lastKnownFileType = sourcecode.c.h; name = PlayingCard.h; path = Model/PlayingCard.h; sourceTree = "<group>"; };
		C7CA283E1C158D9D00665CB7 /* PlayingCard.m */ = {isa = PBXFileReference; fileEncoding = 4; lastKnownFileType = sourcecode.c.objc; name = PlayingCard.m; path = Model/PlayingCard.m; sourceTree = "<group>"; };
		C7CA28401C158DB600665CB7 /* Deck.h */ = {isa = PBXFileReference; fileEncoding = 4; lastKnownFileType = sourcecode.c.h; name = Deck.h; path = Model/Deck.h; sourceTree = "<group>"; };
		C7CA28411C158DB600665CB7 /* Deck.m */ = {isa = PBXFileReference; fileEncoding = 4; lastKnownFileType = sourcecode.c.objc; name = Deck.m; path = Model/Deck.m; sourceTree = "<group>"; };
		C7CA28431C158DCC00665CB7 /* PlayingCardDeck.h */ = {isa = PBXFileReference; fileEncoding = 4; lastKnownFileType = sourcecode.c.h; name = PlayingCardDeck.h; path = Model/PlayingCardDeck.h; sourceTree = "<group>"; };
		C7CA28441C158DCC00665CB7 /* PlayingCardDeck.m */ = {isa = PBXFileReference; fileEncoding = 4; lastKnownFileType = sourcecode.c.objc; name = PlayingCardDeck.m; path = Model/PlayingCardDeck.m; sourceTree = "<group>"; };
		C7CA28461C15B33B00665CB7 /* CardMatchingGame.h */ = {isa = PBXFileReference; fileEncoding = 4; lastKnownFileType = sourcecode.c.h; name = CardMatchingGame.h; path = Model/CardMatchingGame.h; sourceTree = "<group>"; };
		C7CA28471C15B33B00665CB7 /* CardMatchingGame.m */ = {isa = PBXFileReference; fileEncoding = 4; lastKnownFileType = sourcecode.c.objc; name = CardMatchingGame.m; path = Model/CardMatchingGame.m; sourceTree = "<group>"; };
		C7CA28491C1700C300665CB7 /* SetGameView.h */ = {isa = PBXFileReference; fileEncoding = 4; lastKnownFileType = sourcecode.c.h; path = SetGameView.h; sourceTree = "<group>"; };
		C7CA284A1C1700C300665CB7 /* SetGameView.m */ = {isa = PBXFileReference; fileEncoding = 4; lastKnownFileType = sourcecode.c.objc; path = SetGameView.m; sourceTree = "<group>"; };
		C7CA284F1C1802DF00665CB7 /* GameViewController.h */ = {isa = PBXFileReference; fileEncoding = 4; lastKnownFileType = sourcecode.c.h; path = GameViewController.h; sourceTree = "<group>"; };
		C7CA28501C1802DF00665CB7 /* GameViewController.m */ = {isa = PBXFileReference; fileEncoding = 4; lastKnownFileType = sourcecode.c.objc; path = GameViewController.m; sourceTree = "<group>"; };
/* End PBXFileReference section */

/* Begin PBXFrameworksBuildPhase section */
		C7590AD41C1572E300B9E837 /* Frameworks */ = {
			isa = PBXFrameworksBuildPhase;
			buildActionMask = 2147483647;
			files = (
			);
			runOnlyForDeploymentPostprocessing = 0;
		};
		C7590AED1C1572E300B9E837 /* Frameworks */ = {
			isa = PBXFrameworksBuildPhase;
			buildActionMask = 2147483647;
			files = (
			);
			runOnlyForDeploymentPostprocessing = 0;
		};
		C7590AF81C1572E300B9E837 /* Frameworks */ = {
			isa = PBXFrameworksBuildPhase;
			buildActionMask = 2147483647;
			files = (
			);
			runOnlyForDeploymentPostprocessing = 0;
		};
/* End PBXFrameworksBuildPhase section */

/* Begin PBXGroup section */
		C74E90B91C1995E800EA139B /* CardViews */ = {
			isa = PBXGroup;
			children = (
				C78C93FE1C20047F00E62A61 /* PlayingCards */,
				C78C94021C2004E700E62A61 /* SetCards */,
				C78C93FA1C20039000E62A61 /* CardViewFactory.h */,
				C7AFE0B11C1D54F700CF49FC /* CardView.h */,
			);
			name = CardViews;
			sourceTree = "<group>";
		};
		C7590ACE1C1572E300B9E837 = {
			isa = PBXGroup;
			children = (
				C7590AD91C1572E300B9E837 /* CardGame */,
				C7590AE31C1572E300B9E837 /* Main.storyboard */,
				C7590AE61C1572E300B9E837 /* Assets.xcassets */,
				C7590AE81C1572E300B9E837 /* LaunchScreen.storyboard */,
				C7590AEB1C1572E300B9E837 /* Info.plist */,
				C7590AF31C1572E300B9E837 /* CardGameTests */,
				C7590AFE1C1572E300B9E837 /* CardGameUITests */,
				C7590AD81C1572E300B9E837 /* Products */,
			);
			sourceTree = "<group>";
		};
		C7590AD81C1572E300B9E837 /* Products */ = {
			isa = PBXGroup;
			children = (
				C7590AD71C1572E300B9E837 /* CardGame.app */,
				C7590AF01C1572E300B9E837 /* CardGameTests.xctest */,
				C7590AFB1C1572E300B9E837 /* CardGameUITests.xctest */,
			);
			name = Products;
			sourceTree = "<group>";
		};
		C7590AD91C1572E300B9E837 /* CardGame */ = {
			isa = PBXGroup;
			children = (
				C7590ADA1C1572E300B9E837 /* Supporting Files */,
				C7CA28371C15879300665CB7 /* Model */,
				C74E90B91C1995E800EA139B /* CardViews */,
				C7CA28521C1802F500665CB7 /* controllers */,
				C7AFE0B71C1D8F0700CF49FC /* SetEnums.h */,
				C7AFE0D11C1EC51200CF49FC /* Grid.h */,
				C7AFE0D21C1EC51200CF49FC /* Grid.m */,
			);
			path = CardGame;
			sourceTree = "<group>";
		};
		C7590ADA1C1572E300B9E837 /* Supporting Files */ = {
			isa = PBXGroup;
			children = (
				C7590ADD1C1572E300B9E837 /* AppDelegate.h */,
				C7590ADE1C1572E300B9E837 /* AppDelegate.m */,
				C7590ADB1C1572E300B9E837 /* main.m */,
			);
			name = "Supporting Files";
			sourceTree = "<group>";
		};
		C7590AF31C1572E300B9E837 /* CardGameTests */ = {
			isa = PBXGroup;
			children = (
				C7590AF41C1572E300B9E837 /* CardGameTests.m */,
				C7590AF61C1572E300B9E837 /* Info.plist */,
			);
			path = CardGameTests;
			sourceTree = "<group>";
		};
		C7590AFE1C1572E300B9E837 /* CardGameUITests */ = {
			isa = PBXGroup;
			children = (
				C7590AFF1C1572E300B9E837 /* CardGameUITests.m */,
				C7590B011C1572E300B9E837 /* Info.plist */,
			);
			path = CardGameUITests;
			sourceTree = "<group>";
		};
		C78C93FE1C20047F00E62A61 /* PlayingCards */ = {
			isa = PBXGroup;
			children = (
				C74E90BA1C19962800EA139B /* PlayingCardView.h */,
				C74E90BB1C19962800EA139B /* PlayingCardView.m */,
				C78C93ED1C1ED4D200E62A61 /* PlayingCardFaceView.h */,
				C78C93EE1C1ED4D200E62A61 /* PlayingCardFaceView.m */,
				C78C93F01C1ED4E500E62A61 /* PlayingCardBackView.h */,
				C78C93F11C1ED4E500E62A61 /* PlayingCardBackView.m */,
				C78C93FF1C2004A000E62A61 /* PlayingCardViewFactory.h */,
				C78C94001C2004A000E62A61 /* PlayingCardViewFactory.m */,
			);
			name = PlayingCards;
			sourceTree = "<group>";
		};
		C78C94021C2004E700E62A61 /* SetCards */ = {
			isa = PBXGroup;
			children = (
				C7AFE0CA1C1DBC2300CF49FC /* Shape Creators */,
				C7AFE0C91C1DBA8A00CF49FC /* Fillers */,
				C7AFE0B41C1D890700CF49FC /* SetCardView.h */,
				C7AFE0B51C1D890700CF49FC /* SetCardView.m */,
				C78C93FB1C20040900E62A61 /* SetCardViewFactory.h */,
				C78C93FC1C20040900E62A61 /* SetCardViewFactory.m */,
			);
			name = SetCards;
			sourceTree = "<group>";
		};
		C7AFE0C91C1DBA8A00CF49FC /* Fillers */ = {
			isa = PBXGroup;
			children = (
				C7AFE0BF1C1DB93E00CF49FC /* ShapeFiller.h */,
				C7AFE0C01C1DBA1000CF49FC /* EmptyFiller.h */,
				C7AFE0C11C1DBA1000CF49FC /* EmptyFiller.m */,
				C7AFE0C31C1DBA2100CF49FC /* FullFiller.h */,
				C7AFE0C41C1DBA2100CF49FC /* FullFiller.m */,
				C7AFE0C61C1DBA3000CF49FC /* StripesFiller.h */,
				C7AFE0C71C1DBA3000CF49FC /* StripesFiller.m */,
			);
			name = Fillers;
			sourceTree = "<group>";
		};
		C7AFE0CA1C1DBC2300CF49FC /* Shape Creators */ = {
			isa = PBXGroup;
			children = (
				C7AFE0BB1C1DB81500CF49FC /* ShapeCreator.h */,
				C7AFE0BC1C1DB88500CF49FC /* OvalCreator.h */,
				C7AFE0BD1C1DB88500CF49FC /* OvalCreator.m */,
				C7AFE0CB1C1E977800CF49FC /* DiamondCreator.h */,
				C7AFE0CC1C1E977800CF49FC /* DiamondCreator.m */,
				C7AFE0CE1C1E97EA00CF49FC /* SquiggleCreator.h */,
				C7AFE0CF1C1E97EA00CF49FC /* SquiggleCreator.m */,
			);
			name = "Shape Creators";
			sourceTree = "<group>";
		};
		C7CA28371C15879300665CB7 /* Model */ = {
			isa = PBXGroup;
			children = (
				C7CA283A1C15895C00665CB7 /* Card.h */,
				C7CA283B1C15895C00665CB7 /* Card.m */,
				C7CA283D1C158D9D00665CB7 /* PlayingCard.h */,
				C7CA283E1C158D9D00665CB7 /* PlayingCard.m */,
				C7CA28401C158DB600665CB7 /* Deck.h */,
				C7CA28411C158DB600665CB7 /* Deck.m */,
				C7CA28431C158DCC00665CB7 /* PlayingCardDeck.h */,
				C7CA28441C158DCC00665CB7 /* PlayingCardDeck.m */,
				C7CA28461C15B33B00665CB7 /* CardMatchingGame.h */,
				C7CA28471C15B33B00665CB7 /* CardMatchingGame.m */,
				C76289591C182A7C005C0D3F /* SetCard.h */,
				C762895A1C182A7C005C0D3F /* SetCard.m */,
				C762895C1C182A9A005C0D3F /* SetCardDeck.h */,
				C762895D1C182A9A005C0D3F /* SetCardDeck.m */,
				C78C93F31C1FFE8D00E62A61 /* GameParameters.h */,
				C78C93F41C20001D00E62A61 /* SetParameters.h */,
				C78C93F51C20001D00E62A61 /* SetParameters.m */,
				C78C93F71C20004400E62A61 /* Match2Parameters.h */,
				C78C93F81C20004400E62A61 /* Match2Parameters.m */,
			);
			name = Model;
			sourceTree = "<group>";
		};
		C7CA28521C1802F500665CB7 /* controllers */ = {
			isa = PBXGroup;
			children = (
				C7590AE01C1572E300B9E837 /* Match2GameView.h */,
				C7590AE11C1572E300B9E837 /* Match2GameView.m */,
				C7CA28491C1700C300665CB7 /* SetGameView.h */,
				C7CA284A1C1700C300665CB7 /* SetGameView.m */,
				C7CA284F1C1802DF00665CB7 /* GameViewController.h */,
				C7CA28501C1802DF00665CB7 /* GameViewController.m */,
				C78C94031C202EE700E62A61 /* CardsContainerView.h */,
				C78C94041C202EE700E62A61 /* CardsContainerView.m */,
				C78C94061C203FBA00E62A61 /* ScoreUpdater.h */,
			);
			name = controllers;
			sourceTree = "<group>";
		};
/* End PBXGroup section */

/* Begin PBXNativeTarget section */
		C7590AD61C1572E300B9E837 /* CardGame */ = {
			isa = PBXNativeTarget;
			buildConfigurationList = C7590B041C1572E300B9E837 /* Build configuration list for PBXNativeTarget "CardGame" */;
			buildPhases = (
				C7590AD31C1572E300B9E837 /* Sources */,
				C7590AD41C1572E300B9E837 /* Frameworks */,
				C7590AD51C1572E300B9E837 /* Resources */,
			);
			buildRules = (
			);
			dependencies = (
			);
			name = CardGame;
			productName = CardGame;
			productReference = C7590AD71C1572E300B9E837 /* CardGame.app */;
			productType = "com.apple.product-type.application";
		};
		C7590AEF1C1572E300B9E837 /* CardGameTests */ = {
			isa = PBXNativeTarget;
			buildConfigurationList = C7590B071C1572E300B9E837 /* Build configuration list for PBXNativeTarget "CardGameTests" */;
			buildPhases = (
				C7590AEC1C1572E300B9E837 /* Sources */,
				C7590AED1C1572E300B9E837 /* Frameworks */,
				C7590AEE1C1572E300B9E837 /* Resources */,
			);
			buildRules = (
			);
			dependencies = (
				C7590AF21C1572E300B9E837 /* PBXTargetDependency */,
			);
			name = CardGameTests;
			productName = CardGameTests;
			productReference = C7590AF01C1572E300B9E837 /* CardGameTests.xctest */;
			productType = "com.apple.product-type.bundle.unit-test";
		};
		C7590AFA1C1572E300B9E837 /* CardGameUITests */ = {
			isa = PBXNativeTarget;
			buildConfigurationList = C7590B0A1C1572E300B9E837 /* Build configuration list for PBXNativeTarget "CardGameUITests" */;
			buildPhases = (
				C7590AF71C1572E300B9E837 /* Sources */,
				C7590AF81C1572E300B9E837 /* Frameworks */,
				C7590AF91C1572E300B9E837 /* Resources */,
			);
			buildRules = (
			);
			dependencies = (
				C7590AFD1C1572E300B9E837 /* PBXTargetDependency */,
			);
			name = CardGameUITests;
			productName = CardGameUITests;
			productReference = C7590AFB1C1572E300B9E837 /* CardGameUITests.xctest */;
			productType = "com.apple.product-type.bundle.ui-testing";
		};
/* End PBXNativeTarget section */

/* Begin PBXProject section */
		C7590ACF1C1572E300B9E837 /* Project object */ = {
			isa = PBXProject;
			attributes = {
				LastUpgradeCheck = 0710;
				ORGANIZATIONNAME = "Shachar Langbeheim";
				TargetAttributes = {
					C7590AD61C1572E300B9E837 = {
						CreatedOnToolsVersion = 7.1.1;
					};
					C7590AEF1C1572E300B9E837 = {
						CreatedOnToolsVersion = 7.1.1;
						TestTargetID = C7590AD61C1572E300B9E837;
					};
					C7590AFA1C1572E300B9E837 = {
						CreatedOnToolsVersion = 7.1.1;
						TestTargetID = C7590AD61C1572E300B9E837;
					};
				};
			};
			buildConfigurationList = C7590AD21C1572E300B9E837 /* Build configuration list for PBXProject "CardGame" */;
			compatibilityVersion = "Xcode 3.2";
			developmentRegion = English;
			hasScannedForEncodings = 0;
			knownRegions = (
				en,
				Base,
			);
			mainGroup = C7590ACE1C1572E300B9E837;
			productRefGroup = C7590AD81C1572E300B9E837 /* Products */;
			projectDirPath = "";
			projectRoot = "";
			targets = (
				C7590AD61C1572E300B9E837 /* CardGame */,
				C7590AEF1C1572E300B9E837 /* CardGameTests */,
				C7590AFA1C1572E300B9E837 /* CardGameUITests */,
			);
		};
/* End PBXProject section */

/* Begin PBXResourcesBuildPhase section */
		C7590AD51C1572E300B9E837 /* Resources */ = {
			isa = PBXResourcesBuildPhase;
			buildActionMask = 2147483647;
			files = (
				C7590AEA1C1572E300B9E837 /* LaunchScreen.storyboard in Resources */,
				C7590AE71C1572E300B9E837 /* Assets.xcassets in Resources */,
				C7590AE51C1572E300B9E837 /* Main.storyboard in Resources */,
			);
			runOnlyForDeploymentPostprocessing = 0;
		};
		C7590AEE1C1572E300B9E837 /* Resources */ = {
			isa = PBXResourcesBuildPhase;
			buildActionMask = 2147483647;
			files = (
			);
			runOnlyForDeploymentPostprocessing = 0;
		};
		C7590AF91C1572E300B9E837 /* Resources */ = {
			isa = PBXResourcesBuildPhase;
			buildActionMask = 2147483647;
			files = (
			);
			runOnlyForDeploymentPostprocessing = 0;
		};
/* End PBXResourcesBuildPhase section */

/* Begin PBXSourcesBuildPhase section */
		C7590AD31C1572E300B9E837 /* Sources */ = {
			isa = PBXSourcesBuildPhase;
			buildActionMask = 2147483647;
			files = (
				C7590AE21C1572E300B9E837 /* Match2GameView.m in Sources */,
				C78C93F91C20004400E62A61 /* Match2Parameters.m in Sources */,
				C7CA28511C1802DF00665CB7 /* GameViewController.m in Sources */,
				C78C93F61C20001D00E62A61 /* SetParameters.m in Sources */,
				C7AFE0BE1C1DB88500CF49FC /* OvalCreator.m in Sources */,
				C7590ADF1C1572E300B9E837 /* AppDelegate.m in Sources */,
				C7CA284B1C1700C300665CB7 /* SetGameView.m in Sources */,
				C7AFE0C81C1DBA3000CF49FC /* StripesFiller.m in Sources */,
				C762895E1C182A9A005C0D3F /* SetCardDeck.m in Sources */,
				C74E90BC1C19962800EA139B /* PlayingCardView.m in Sources */,
				C7590ADC1C1572E300B9E837 /* main.m in Sources */,
				C7CA283F1C158D9D00665CB7 /* PlayingCard.m in Sources */,
				C7AFE0B61C1D890700CF49FC /* SetCardView.m in Sources */,
				C762895B1C182A7C005C0D3F /* SetCard.m in Sources */,
				C7CA28481C15B33B00665CB7 /* CardMatchingGame.m in Sources */,
				C7CA28451C158DCC00665CB7 /* PlayingCardDeck.m in Sources */,
				C7AFE0D31C1EC51200CF49FC /* Grid.m in Sources */,
				C7AFE0C21C1DBA1000CF49FC /* EmptyFiller.m in Sources */,
				C7CA28421C158DB600665CB7 /* Deck.m in Sources */,
				C78C93EF1C1ED4D200E62A61 /* PlayingCardFaceView.m in Sources */,
				C7AFE0C51C1DBA2100CF49FC /* FullFiller.m in Sources */,
				C78C94011C2004A000E62A61 /* PlayingCardViewFactory.m in Sources */,
				C78C93FD1C20040900E62A61 /* SetCardViewFactory.m in Sources */,
				C7AFE0D01C1E97EA00CF49FC /* SquiggleCreator.m in Sources */,
				C7AFE0CD1C1E977800CF49FC /* DiamondCreator.m in Sources */,
				C7CA283C1C15895C00665CB7 /* Card.m in Sources */,
				C78C94051C202EE700E62A61 /* CardsContainerView.m in Sources */,
				C78C93F21C1ED4E500E62A61 /* PlayingCardBackView.m in Sources */,
			);
			runOnlyForDeploymentPostprocessing = 0;
		};
		C7590AEC1C1572E300B9E837 /* Sources */ = {
			isa = PBXSourcesBuildPhase;
			buildActionMask = 2147483647;
			files = (
				C7590AF51C1572E300B9E837 /* CardGameTests.m in Sources */,
			);
			runOnlyForDeploymentPostprocessing = 0;
		};
		C7590AF71C1572E300B9E837 /* Sources */ = {
			isa = PBXSourcesBuildPhase;
			buildActionMask = 2147483647;
			files = (
				C7590B001C1572E300B9E837 /* CardGameUITests.m in Sources */,
			);
			runOnlyForDeploymentPostprocessing = 0;
		};
/* End PBXSourcesBuildPhase section */

/* Begin PBXTargetDependency section */
		C7590AF21C1572E300B9E837 /* PBXTargetDependency */ = {
			isa = PBXTargetDependency;
			target = C7590AD61C1572E300B9E837 /* CardGame */;
			targetProxy = C7590AF11C1572E300B9E837 /* PBXContainerItemProxy */;
		};
		C7590AFD1C1572E300B9E837 /* PBXTargetDependency */ = {
			isa = PBXTargetDependency;
			target = C7590AD61C1572E300B9E837 /* CardGame */;
			targetProxy = C7590AFC1C1572E300B9E837 /* PBXContainerItemProxy */;
		};
/* End PBXTargetDependency section */

/* Begin PBXVariantGroup section */
		C7590AE31C1572E300B9E837 /* Main.storyboard */ = {
			isa = PBXVariantGroup;
			children = (
				C7590AE41C1572E300B9E837 /* Base */,
			);
			name = Main.storyboard;
			path = CardGame;
			sourceTree = "<group>";
		};
		C7590AE81C1572E300B9E837 /* LaunchScreen.storyboard */ = {
			isa = PBXVariantGroup;
			children = (
				C7590AE91C1572E300B9E837 /* Base */,
			);
			name = LaunchScreen.storyboard;
			path = CardGame;
			sourceTree = "<group>";
		};
/* End PBXVariantGroup section */

/* Begin XCBuildConfiguration section */
		C7590B021C1572E300B9E837 /* Debug */ = {
			isa = XCBuildConfiguration;
			buildSettings = {
				ALWAYS_SEARCH_USER_PATHS = NO;
				CLANG_CXX_LANGUAGE_STANDARD = "gnu++0x";
				CLANG_CXX_LIBRARY = "libc++";
				CLANG_ENABLE_MODULES = YES;
				CLANG_ENABLE_OBJC_ARC = YES;
				CLANG_WARN_BOOL_CONVERSION = YES;
				CLANG_WARN_CONSTANT_CONVERSION = YES;
				CLANG_WARN_DIRECT_OBJC_ISA_USAGE = YES_ERROR;
				CLANG_WARN_EMPTY_BODY = YES;
				CLANG_WARN_ENUM_CONVERSION = YES;
				CLANG_WARN_INT_CONVERSION = YES;
				CLANG_WARN_OBJC_ROOT_CLASS = YES_ERROR;
				CLANG_WARN_UNREACHABLE_CODE = YES;
				CLANG_WARN__DUPLICATE_METHOD_MATCH = YES;
				"CODE_SIGN_IDENTITY[sdk=iphoneos*]" = "iPhone Developer";
				COPY_PHASE_STRIP = NO;
				DEBUG_INFORMATION_FORMAT = dwarf;
				ENABLE_STRICT_OBJC_MSGSEND = YES;
				ENABLE_TESTABILITY = YES;
				GCC_C_LANGUAGE_STANDARD = gnu99;
				GCC_DYNAMIC_NO_PIC = NO;
				GCC_NO_COMMON_BLOCKS = YES;
				GCC_OPTIMIZATION_LEVEL = 0;
				GCC_PREPROCESSOR_DEFINITIONS = (
					"DEBUG=1",
					"$(inherited)",
				);
				GCC_WARN_64_TO_32_BIT_CONVERSION = YES;
				GCC_WARN_ABOUT_RETURN_TYPE = YES_ERROR;
				GCC_WARN_UNDECLARED_SELECTOR = YES;
				GCC_WARN_UNINITIALIZED_AUTOS = YES_AGGRESSIVE;
				GCC_WARN_UNUSED_FUNCTION = YES;
				GCC_WARN_UNUSED_VARIABLE = YES;
				IPHONEOS_DEPLOYMENT_TARGET = 9.1;
				MTL_ENABLE_DEBUG_INFO = YES;
				ONLY_ACTIVE_ARCH = YES;
				SDKROOT = iphoneos;
				TARGETED_DEVICE_FAMILY = "1,2";
			};
			name = Debug;
		};
		C7590B031C1572E300B9E837 /* Release */ = {
			isa = XCBuildConfiguration;
			buildSettings = {
				ALWAYS_SEARCH_USER_PATHS = NO;
				CLANG_CXX_LANGUAGE_STANDARD = "gnu++0x";
				CLANG_CXX_LIBRARY = "libc++";
				CLANG_ENABLE_MODULES = YES;
				CLANG_ENABLE_OBJC_ARC = YES;
				CLANG_WARN_BOOL_CONVERSION = YES;
				CLANG_WARN_CONSTANT_CONVERSION = YES;
				CLANG_WARN_DIRECT_OBJC_ISA_USAGE = YES_ERROR;
				CLANG_WARN_EMPTY_BODY = YES;
				CLANG_WARN_ENUM_CONVERSION = YES;
				CLANG_WARN_INT_CONVERSION = YES;
				CLANG_WARN_OBJC_ROOT_CLASS = YES_ERROR;
				CLANG_WARN_UNREACHABLE_CODE = YES;
				CLANG_WARN__DUPLICATE_METHOD_MATCH = YES;
				"CODE_SIGN_IDENTITY[sdk=iphoneos*]" = "iPhone Developer";
				COPY_PHASE_STRIP = NO;
				DEBUG_INFORMATION_FORMAT = "dwarf-with-dsym";
				ENABLE_NS_ASSERTIONS = NO;
				ENABLE_STRICT_OBJC_MSGSEND = YES;
				GCC_C_LANGUAGE_STANDARD = gnu99;
				GCC_NO_COMMON_BLOCKS = YES;
				GCC_WARN_64_TO_32_BIT_CONVERSION = YES;
				GCC_WARN_ABOUT_RETURN_TYPE = YES_ERROR;
				GCC_WARN_UNDECLARED_SELECTOR = YES;
				GCC_WARN_UNINITIALIZED_AUTOS = YES_AGGRESSIVE;
				GCC_WARN_UNUSED_FUNCTION = YES;
				GCC_WARN_UNUSED_VARIABLE = YES;
				IPHONEOS_DEPLOYMENT_TARGET = 9.1;
				MTL_ENABLE_DEBUG_INFO = NO;
				SDKROOT = iphoneos;
				TARGETED_DEVICE_FAMILY = "1,2";
				VALIDATE_PRODUCT = YES;
			};
			name = Release;
		};
		C7590B051C1572E300B9E837 /* Debug */ = {
			isa = XCBuildConfiguration;
			buildSettings = {
				ASSETCATALOG_COMPILER_APPICON_NAME = AppIcon;
				INFOPLIST_FILE = CardGame/Info.plist;
				LD_RUNPATH_SEARCH_PATHS = "$(inherited) @executable_path/Frameworks";
				PRODUCT_BUNDLE_IDENTIFIER = Shachar.CardGame;
				PRODUCT_NAME = "$(TARGET_NAME)";
			};
			name = Debug;
		};
		C7590B061C1572E300B9E837 /* Release */ = {
			isa = XCBuildConfiguration;
			buildSettings = {
				ASSETCATALOG_COMPILER_APPICON_NAME = AppIcon;
				INFOPLIST_FILE = CardGame/Info.plist;
				LD_RUNPATH_SEARCH_PATHS = "$(inherited) @executable_path/Frameworks";
				PRODUCT_BUNDLE_IDENTIFIER = Shachar.CardGame;
				PRODUCT_NAME = "$(TARGET_NAME)";
			};
			name = Release;
		};
		C7590B081C1572E300B9E837 /* Debug */ = {
			isa = XCBuildConfiguration;
			buildSettings = {
				BUNDLE_LOADER = "$(TEST_HOST)";
				INFOPLIST_FILE = CardGameTests/Info.plist;
				LD_RUNPATH_SEARCH_PATHS = "$(inherited) @executable_path/Frameworks @loader_path/Frameworks";
				PRODUCT_BUNDLE_IDENTIFIER = Shachar.CardGameTests;
				PRODUCT_NAME = "$(TARGET_NAME)";
				TEST_HOST = "$(BUILT_PRODUCTS_DIR)/CardGame.app/CardGame";
			};
			name = Debug;
		};
		C7590B091C1572E300B9E837 /* Release */ = {
			isa = XCBuildConfiguration;
			buildSettings = {
				BUNDLE_LOADER = "$(TEST_HOST)";
				INFOPLIST_FILE = CardGameTests/Info.plist;
				LD_RUNPATH_SEARCH_PATHS = "$(inherited) @executable_path/Frameworks @loader_path/Frameworks";
				PRODUCT_BUNDLE_IDENTIFIER = Shachar.CardGameTests;
				PRODUCT_NAME = "$(TARGET_NAME)";
				TEST_HOST = "$(BUILT_PRODUCTS_DIR)/CardGame.app/CardGame";
			};
			name = Release;
		};
		C7590B0B1C1572E300B9E837 /* Debug */ = {
			isa = XCBuildConfiguration;
			buildSettings = {
				INFOPLIST_FILE = CardGameUITests/Info.plist;
				LD_RUNPATH_SEARCH_PATHS = "$(inherited) @executable_path/Frameworks @loader_path/Frameworks";
				PRODUCT_BUNDLE_IDENTIFIER = Shachar.CardGameUITests;
				PRODUCT_NAME = "$(TARGET_NAME)";
				TEST_TARGET_NAME = CardGame;
				USES_XCTRUNNER = YES;
			};
			name = Debug;
		};
		C7590B0C1C1572E300B9E837 /* Release */ = {
			isa = XCBuildConfiguration;
			buildSettings = {
				INFOPLIST_FILE = CardGameUITests/Info.plist;
				LD_RUNPATH_SEARCH_PATHS = "$(inherited) @executable_path/Frameworks @loader_path/Frameworks";
				PRODUCT_BUNDLE_IDENTIFIER = Shachar.CardGameUITests;
				PRODUCT_NAME = "$(TARGET_NAME)";
				TEST_TARGET_NAME = CardGame;
				USES_XCTRUNNER = YES;
			};
			name = Release;
		};
/* End XCBuildConfiguration section */

/* Begin XCConfigurationList section */
		C7590AD21C1572E300B9E837 /* Build configuration list for PBXProject "CardGame" */ = {
			isa = XCConfigurationList;
			buildConfigurations = (
				C7590B021C1572E300B9E837 /* Debug */,
				C7590B031C1572E300B9E837 /* Release */,
			);
			defaultConfigurationIsVisible = 0;
			defaultConfigurationName = Release;
		};
		C7590B041C1572E300B9E837 /* Build configuration list for PBXNativeTarget "CardGame" */ = {
			isa = XCConfigurationList;
			buildConfigurations = (
				C7590B051C1572E300B9E837 /* Debug */,
				C7590B061C1572E300B9E837 /* Release */,
			);
			defaultConfigurationIsVisible = 0;
			defaultConfigurationName = Release;
		};
		C7590B071C1572E300B9E837 /* Build configuration list for PBXNativeTarget "CardGameTests" */ = {
			isa = XCConfigurationList;
			buildConfigurations = (
				C7590B081C1572E300B9E837 /* Debug */,
				C7590B091C1572E300B9E837 /* Release */,
			);
			defaultConfigurationIsVisible = 0;
			defaultConfigurationName = Release;
		};
		C7590B0A1C1572E300B9E837 /* Build configuration list for PBXNativeTarget "CardGameUITests" */ = {
			isa = XCConfigurationList;
			buildConfigurations = (
				C7590B0B1C1572E300B9E837 /* Debug */,
				C7590B0C1C1572E300B9E837 /* Release */,
			);
			defaultConfigurationIsVisible = 0;
			defaultConfigurationName = Release;
		};
/* End XCConfigurationList section */
	};
	rootObject = C7590ACF1C1572E300B9E837 /* Project object */;
}
